lockfileVersion: '6.0'

settings:
  autoInstallPeers: true
  excludeLinksFromLockfile: false

dependencies:
  '@elysiajs/swagger':
    specifier: ^0.8.5
    version: 0.8.5(elysia@1.0.7)
  '@t3-oss/env-core':
    specifier: ^0.9.2
    version: 0.9.2(zod@3.22.4)
  elysia:
    specifier: ^1.0.7
    version: 1.0.7(@sinclair/typebox@0.32.18)
  lucia:
    specifier: ^3.1.1
    version: 3.1.1
  oslo:
    specifier: ^1.1.3
    version: 1.1.3
  zod:
    specifier: ^3.22.4
    version: 3.22.4

devDependencies:
  bun-types:
    specifier: latest
    version: 1.0.33
  dotenv-cli:
    specifier: ^7.4.1
    version: 7.4.1
  tsx:
    specifier: ^4.7.1
    version: 4.7.1

packages:

  /@elysiajs/swagger@0.8.5(elysia@1.0.7):
    resolution: {integrity: sha512-8u4poCU62z8lgWuf4Edp84j6ZOdVLGMuFfbd85T/s7bEKUYHUdhbdd9lH5HFf8EKoJTmhpd+OyO4TxOF+vmOcA==}
    peerDependencies:
      elysia: '>= 0.8.0'
    dependencies:
      elysia: 1.0.7(@sinclair/typebox@0.32.18)
      lodash.clonedeep: 4.5.0
      openapi-types: 12.1.3
    dev: false

  /@emnapi/core@0.45.0:
    resolution: {integrity: sha512-DPWjcUDQkCeEM4VnljEOEcXdAD7pp8zSZsgOujk/LGIwCXWbXJngin+MO4zbH429lzeC3WbYLGjE2MaUOwzpyw==}
    requiresBuild: true
    dependencies:
      tslib: 2.6.2
    dev: false
    optional: true

  /@emnapi/core@1.1.0:
    resolution: {integrity: sha512-gNEVZo0HhUfVjhr6rFG//HZXbauclxueiDxaKGBZHcK5h8i9pslABNPfG8kMwYTubAn3mV7AyOZN8gfPRgbU8A==}
    requiresBuild: true
    dependencies:
      tslib: 2.6.2
    dev: false
    optional: true

  /@emnapi/runtime@0.45.0:
    resolution: {integrity: sha512-Txumi3td7J4A/xTTwlssKieHKTGl3j4A1tglBx72auZ49YK7ePY6XZricgIg9mnZT4xPfA+UPCUdnhRuEFDL+w==}
    requiresBuild: true
    dependencies:
      tslib: 2.6.2
    dev: false
    optional: true

  /@emnapi/runtime@1.1.0:
    resolution: {integrity: sha512-gCGlE0fJGWalfy+wbFApjhKn6uoSVvopru77IPyxNKkjkaiSx2HxDS7eOYSmo9dcMIhmmIvoxiC3N9TM1c3EaA==}
    requiresBuild: true
    dependencies:
      tslib: 2.6.2
    dev: false
    optional: true

  /@esbuild/aix-ppc64@0.19.12:
    resolution: {integrity: sha512-bmoCYyWdEL3wDQIVbcyzRyeKLgk2WtWLTWz1ZIAZF/EGbNOwSA6ew3PftJ1PqMiOOGu0OyFMzG53L0zqIpPeNA==}
    engines: {node: '>=12'}
    cpu: [ppc64]
    os: [aix]
    requiresBuild: true
    dev: true
    optional: true

  /@esbuild/android-arm64@0.19.12:
    resolution: {integrity: sha512-P0UVNGIienjZv3f5zq0DP3Nt2IE/3plFzuaS96vihvD0Hd6H/q4WXUGpCxD/E8YrSXfNyRPbpTq+T8ZQioSuPA==}
    engines: {node: '>=12'}
    cpu: [arm64]
    os: [android]
    requiresBuild: true
    dev: true
    optional: true

  /@esbuild/android-arm@0.19.12:
    resolution: {integrity: sha512-qg/Lj1mu3CdQlDEEiWrlC4eaPZ1KztwGJ9B6J+/6G+/4ewxJg7gqj8eVYWvao1bXrqGiW2rsBZFSX3q2lcW05w==}
    engines: {node: '>=12'}
    cpu: [arm]
    os: [android]
    requiresBuild: true
    dev: true
    optional: true

  /@esbuild/android-x64@0.19.12:
    resolution: {integrity: sha512-3k7ZoUW6Q6YqhdhIaq/WZ7HwBpnFBlW905Fa4s4qWJyiNOgT1dOqDiVAQFwBH7gBRZr17gLrlFCRzF6jFh7Kew==}
    engines: {node: '>=12'}
    cpu: [x64]
    os: [android]
    requiresBuild: true
    dev: true
    optional: true

  /@esbuild/darwin-arm64@0.19.12:
    resolution: {integrity: sha512-B6IeSgZgtEzGC42jsI+YYu9Z3HKRxp8ZT3cqhvliEHovq8HSX2YX8lNocDn79gCKJXOSaEot9MVYky7AKjCs8g==}
    engines: {node: '>=12'}
    cpu: [arm64]
    os: [darwin]
    requiresBuild: true
    dev: true
    optional: true

  /@esbuild/darwin-x64@0.19.12:
    resolution: {integrity: sha512-hKoVkKzFiToTgn+41qGhsUJXFlIjxI/jSYeZf3ugemDYZldIXIxhvwN6erJGlX4t5h417iFuheZ7l+YVn05N3A==}
    engines: {node: '>=12'}
    cpu: [x64]
    os: [darwin]
    requiresBuild: true
    dev: true
    optional: true

  /@esbuild/freebsd-arm64@0.19.12:
    resolution: {integrity: sha512-4aRvFIXmwAcDBw9AueDQ2YnGmz5L6obe5kmPT8Vd+/+x/JMVKCgdcRwH6APrbpNXsPz+K653Qg8HB/oXvXVukA==}
    engines: {node: '>=12'}
    cpu: [arm64]
    os: [freebsd]
    requiresBuild: true
    dev: true
    optional: true

  /@esbuild/freebsd-x64@0.19.12:
    resolution: {integrity: sha512-EYoXZ4d8xtBoVN7CEwWY2IN4ho76xjYXqSXMNccFSx2lgqOG/1TBPW0yPx1bJZk94qu3tX0fycJeeQsKovA8gg==}
    engines: {node: '>=12'}
    cpu: [x64]
    os: [freebsd]
    requiresBuild: true
    dev: true
    optional: true

  /@esbuild/linux-arm64@0.19.12:
    resolution: {integrity: sha512-EoTjyYyLuVPfdPLsGVVVC8a0p1BFFvtpQDB/YLEhaXyf/5bczaGeN15QkR+O4S5LeJ92Tqotve7i1jn35qwvdA==}
    engines: {node: '>=12'}
    cpu: [arm64]
    os: [linux]
    requiresBuild: true
    dev: true
    optional: true

  /@esbuild/linux-arm@0.19.12:
    resolution: {integrity: sha512-J5jPms//KhSNv+LO1S1TX1UWp1ucM6N6XuL6ITdKWElCu8wXP72l9MM0zDTzzeikVyqFE6U8YAV9/tFyj0ti+w==}
    engines: {node: '>=12'}
    cpu: [arm]
    os: [linux]
    requiresBuild: true
    dev: true
    optional: true

  /@esbuild/linux-ia32@0.19.12:
    resolution: {integrity: sha512-Thsa42rrP1+UIGaWz47uydHSBOgTUnwBwNq59khgIwktK6x60Hivfbux9iNR0eHCHzOLjLMLfUMLCypBkZXMHA==}
    engines: {node: '>=12'}
    cpu: [ia32]
    os: [linux]
    requiresBuild: true
    dev: true
    optional: true

  /@esbuild/linux-loong64@0.19.12:
    resolution: {integrity: sha512-LiXdXA0s3IqRRjm6rV6XaWATScKAXjI4R4LoDlvO7+yQqFdlr1Bax62sRwkVvRIrwXxvtYEHHI4dm50jAXkuAA==}
    engines: {node: '>=12'}
    cpu: [loong64]
    os: [linux]
    requiresBuild: true
    dev: true
    optional: true

  /@esbuild/linux-mips64el@0.19.12:
    resolution: {integrity: sha512-fEnAuj5VGTanfJ07ff0gOA6IPsvrVHLVb6Lyd1g2/ed67oU1eFzL0r9WL7ZzscD+/N6i3dWumGE1Un4f7Amf+w==}
    engines: {node: '>=12'}
    cpu: [mips64el]
    os: [linux]
    requiresBuild: true
    dev: true
    optional: true

  /@esbuild/linux-ppc64@0.19.12:
    resolution: {integrity: sha512-nYJA2/QPimDQOh1rKWedNOe3Gfc8PabU7HT3iXWtNUbRzXS9+vgB0Fjaqr//XNbd82mCxHzik2qotuI89cfixg==}
    engines: {node: '>=12'}
    cpu: [ppc64]
    os: [linux]
    requiresBuild: true
    dev: true
    optional: true

  /@esbuild/linux-riscv64@0.19.12:
    resolution: {integrity: sha512-2MueBrlPQCw5dVJJpQdUYgeqIzDQgw3QtiAHUC4RBz9FXPrskyyU3VI1hw7C0BSKB9OduwSJ79FTCqtGMWqJHg==}
    engines: {node: '>=12'}
    cpu: [riscv64]
    os: [linux]
    requiresBuild: true
    dev: true
    optional: true

  /@esbuild/linux-s390x@0.19.12:
    resolution: {integrity: sha512-+Pil1Nv3Umes4m3AZKqA2anfhJiVmNCYkPchwFJNEJN5QxmTs1uzyy4TvmDrCRNT2ApwSari7ZIgrPeUx4UZDg==}
    engines: {node: '>=12'}
    cpu: [s390x]
    os: [linux]
    requiresBuild: true
    dev: true
    optional: true

  /@esbuild/linux-x64@0.19.12:
    resolution: {integrity: sha512-B71g1QpxfwBvNrfyJdVDexenDIt1CiDN1TIXLbhOw0KhJzE78KIFGX6OJ9MrtC0oOqMWf+0xop4qEU8JrJTwCg==}
    engines: {node: '>=12'}
    cpu: [x64]
    os: [linux]
    requiresBuild: true
    dev: true
    optional: true

  /@esbuild/netbsd-x64@0.19.12:
    resolution: {integrity: sha512-3ltjQ7n1owJgFbuC61Oj++XhtzmymoCihNFgT84UAmJnxJfm4sYCiSLTXZtE00VWYpPMYc+ZQmB6xbSdVh0JWA==}
    engines: {node: '>=12'}
    cpu: [x64]
    os: [netbsd]
    requiresBuild: true
    dev: true
    optional: true

  /@esbuild/openbsd-x64@0.19.12:
    resolution: {integrity: sha512-RbrfTB9SWsr0kWmb9srfF+L933uMDdu9BIzdA7os2t0TXhCRjrQyCeOt6wVxr79CKD4c+p+YhCj31HBkYcXebw==}
    engines: {node: '>=12'}
    cpu: [x64]
    os: [openbsd]
    requiresBuild: true
    dev: true
    optional: true

  /@esbuild/sunos-x64@0.19.12:
    resolution: {integrity: sha512-HKjJwRrW8uWtCQnQOz9qcU3mUZhTUQvi56Q8DPTLLB+DawoiQdjsYq+j+D3s9I8VFtDr+F9CjgXKKC4ss89IeA==}
    engines: {node: '>=12'}
    cpu: [x64]
    os: [sunos]
    requiresBuild: true
    dev: true
    optional: true

  /@esbuild/win32-arm64@0.19.12:
    resolution: {integrity: sha512-URgtR1dJnmGvX864pn1B2YUYNzjmXkuJOIqG2HdU62MVS4EHpU2946OZoTMnRUHklGtJdJZ33QfzdjGACXhn1A==}
    engines: {node: '>=12'}
    cpu: [arm64]
    os: [win32]
    requiresBuild: true
    dev: true
    optional: true

  /@esbuild/win32-ia32@0.19.12:
    resolution: {integrity: sha512-+ZOE6pUkMOJfmxmBZElNOx72NKpIa/HFOMGzu8fqzQJ5kgf6aTGrcJaFsNiVMH4JKpMipyK+7k0n2UXN7a8YKQ==}
    engines: {node: '>=12'}
    cpu: [ia32]
    os: [win32]
    requiresBuild: true
    dev: true
    optional: true

  /@esbuild/win32-x64@0.19.12:
    resolution: {integrity: sha512-T1QyPSDCyMXaO3pzBkF96E8xMkiRYbUEZADd29SyPGabqxMViNoii+NcK7eWJAEoU6RZyEm5lVSIjTmcdoB9HA==}
    engines: {node: '>=12'}
    cpu: [x64]
    os: [win32]
    requiresBuild: true
    dev: true
    optional: true

  /@napi-rs/wasm-runtime@0.1.2:
    resolution: {integrity: sha512-8JuczewTFIZ/XIjHQ+YlQUydHvlKx2hkcxtuGwh+t/t5zWyZct6YG4+xjHcq8xyc/e7FmFwf42Zj2YgICwmlvA==}
    requiresBuild: true
    dependencies:
      '@emnapi/core': 1.1.0
      '@emnapi/runtime': 1.1.0
      '@tybys/wasm-util': 0.8.1
    dev: false
    optional: true

  /@node-rs/argon2-android-arm-eabi@1.7.0:
    resolution: {integrity: sha512-udDqkr5P9E+wYX1SZwAVPdyfYvaF4ry9Tm+R9LkfSHbzWH0uhU6zjIwNRp7m+n4gx691rk+lqqDAIP8RLKwbhg==}
    engines: {node: '>= 10'}
    cpu: [arm]
    os: [android]
    requiresBuild: true
    dev: false
    optional: true

  /@node-rs/argon2-android-arm-eabi@1.7.2:
    resolution: {integrity: sha512-WhW84XOzdR4AOGc4BJvIg5lCRVBL0pXp/PPCe8QCyWw493p7VdNCdYpr2xdtjS/0zImmY85HNB/6zpzjLRTT/A==}
    engines: {node: '>= 10'}
    cpu: [arm]
    os: [android]
    requiresBuild: true
    dev: false
    optional: true

  /@node-rs/argon2-android-arm64@1.7.0:
    resolution: {integrity: sha512-s9j/G30xKUx8WU50WIhF0fIl1EdhBGq0RQ06lEhZ0Gi0ap8lhqbE2Bn5h3/G2D1k0Dx+yjeVVNmt/xOQIRG38A==}
    engines: {node: '>= 10'}
    cpu: [arm64]
    os: [android]
    requiresBuild: true
    dev: false
    optional: true

  /@node-rs/argon2-android-arm64@1.7.2:
    resolution: {integrity: sha512-CdtayHSMIyDuVhSYFirwA757c4foQuyTjpysgFJLHweP9C7uDiBf9WBYij+UyabpaCadJ0wPyK6Vakinvlk4/g==}
    engines: {node: '>= 10'}
    cpu: [arm64]
    os: [android]
    requiresBuild: true
    dev: false
    optional: true

  /@node-rs/argon2-darwin-arm64@1.7.0:
    resolution: {integrity: sha512-ZIz4L6HGOB9U1kW23g+m7anGNuTZ0RuTw0vNp3o+2DWpb8u8rODq6A8tH4JRL79S+Co/Nq608m9uackN2pe0Rw==}
    engines: {node: '>= 10'}
    cpu: [arm64]
    os: [darwin]
    requiresBuild: true
    dev: false
    optional: true

  /@node-rs/argon2-darwin-arm64@1.7.2:
    resolution: {integrity: sha512-hUOhtgYHTEyzX5sgMZVdXunONOus2HWpWydF5D/RYJ1mZ76FXRnFpQE40DqbzisdPIraKdn40m7JqkPP7wqdyg==}
    engines: {node: '>= 10'}
    cpu: [arm64]
    os: [darwin]
    requiresBuild: true
    dev: false
    optional: true

  /@node-rs/argon2-darwin-x64@1.7.0:
    resolution: {integrity: sha512-5oi/pxqVhODW/pj1+3zElMTn/YukQeywPHHYDbcAW3KsojFjKySfhcJMd1DjKTc+CHQI+4lOxZzSUzK7mI14Hw==}
    engines: {node: '>= 10'}
    cpu: [x64]
    os: [darwin]
    requiresBuild: true
    dev: false
    optional: true

  /@node-rs/argon2-darwin-x64@1.7.2:
    resolution: {integrity: sha512-lfs5HX+t542yUfcv6Aa/NeGD1nUCwyQNgnPEGcik71Ow6V13hkR1bHgmT1u3CHN4fBts0gW+DQEDsq1xlVgkvw==}
    engines: {node: '>= 10'}
    cpu: [x64]
    os: [darwin]
    requiresBuild: true
    dev: false
    optional: true

  /@node-rs/argon2-freebsd-x64@1.7.0:
    resolution: {integrity: sha512-Ify08683hA4QVXYoIm5SUWOY5DPIT/CMB0CQT+IdxQAg/F+qp342+lUkeAtD5bvStQuCx/dFO3bnnzoe2clMhA==}
    engines: {node: '>= 10'}
    cpu: [x64]
    os: [freebsd]
    requiresBuild: true
    dev: false
    optional: true

  /@node-rs/argon2-freebsd-x64@1.7.2:
    resolution: {integrity: sha512-ROoF+4VaCBJUjddrTN1hjuqSl89ppRcjVXJscSPJjWzTlbzFmGGovJvIzUBmCr/Oq3yM1zKHj6MP9oRD5cB+/g==}
    engines: {node: '>= 10'}
    cpu: [x64]
    os: [freebsd]
    requiresBuild: true
    dev: false
    optional: true

  /@node-rs/argon2-linux-arm-gnueabihf@1.7.0:
    resolution: {integrity: sha512-7DjDZ1h5AUHAtRNjD19RnQatbhL+uuxBASuuXIBu4/w6Dx8n7YPxwTP4MXfsvuRgKuMWiOb/Ub/HJ3kXVCXRkg==}
    engines: {node: '>= 10'}
    cpu: [arm]
    os: [linux]
    requiresBuild: true
    dev: false
    optional: true

  /@node-rs/argon2-linux-arm-gnueabihf@1.7.2:
    resolution: {integrity: sha512-CBSB8KPI8LS74Bcz3dYaa2/khULutz4vSDvFWUERlSLX+mPdDhoZi6UPuUPPF9e01w8AbiK1YCqlLUTm3tIMfw==}
    engines: {node: '>= 10'}
    cpu: [arm]
    os: [linux]
    requiresBuild: true
    dev: false
    optional: true

  /@node-rs/argon2-linux-arm64-gnu@1.7.0:
    resolution: {integrity: sha512-nJDoMP4Y3YcqGswE4DvP080w6O24RmnFEDnL0emdI8Nou17kNYBzP2546Nasx9GCyLzRcYQwZOUjrtUuQ+od2g==}
    engines: {node: '>= 10'}
    cpu: [arm64]
    os: [linux]
    requiresBuild: true
    dev: false
    optional: true

  /@node-rs/argon2-linux-arm64-gnu@1.7.2:
    resolution: {integrity: sha512-6LBTug6ZiWFakP3X3Nqs7ZTM03gmcSWX4YvEn20HhhQE5NDrsrw3zNqGj0cJiNzKKIMSDDuj7uGy+ITEfNo4CA==}
    engines: {node: '>= 10'}
    cpu: [arm64]
    os: [linux]
    requiresBuild: true
    dev: false
    optional: true

  /@node-rs/argon2-linux-arm64-musl@1.7.0:
    resolution: {integrity: sha512-BKWS8iVconhE3jrb9mj6t1J9vwUqQPpzCbUKxfTGJfc+kNL58F1SXHBoe2cDYGnHrFEHTY0YochzXoAfm4Dm/A==}
    engines: {node: '>= 10'}
    cpu: [arm64]
    os: [linux]
    requiresBuild: true
    dev: false
    optional: true

  /@node-rs/argon2-linux-arm64-musl@1.7.2:
    resolution: {integrity: sha512-KjhQ+ZPne29t9VRVeIif7JdKwQba+tM6CBNYBoJB1iON0CUKeqSQtZcHuTj9gkf2SNRG5bsU4ABcfxd0OKsKHg==}
    engines: {node: '>= 10'}
    cpu: [arm64]
    os: [linux]
    requiresBuild: true
    dev: false
    optional: true

  /@node-rs/argon2-linux-x64-gnu@1.7.0:
    resolution: {integrity: sha512-EmgqZOlf4Jurk/szW1iTsVISx25bKksVC5uttJDUloTgsAgIGReCpUUO1R24pBhu9ESJa47iv8NSf3yAfGv6jQ==}
    engines: {node: '>= 10'}
    cpu: [x64]
    os: [linux]
    requiresBuild: true
    dev: false
    optional: true

  /@node-rs/argon2-linux-x64-gnu@1.7.2:
    resolution: {integrity: sha512-BQvp+iLtKqomHz4q5t1aKoni9osgvUDU5sZtHAlFm5dRTlGHnympcQVATRE5GHyH9C6MIM9W7P1kqEeCLGPolQ==}
    engines: {node: '>= 10'}
    cpu: [x64]
    os: [linux]
    requiresBuild: true
    dev: false
    optional: true

  /@node-rs/argon2-linux-x64-musl@1.7.0:
    resolution: {integrity: sha512-/o1efYCYIxjfuoRYyBTi2Iy+1iFfhqHCvvVsnjNSgO1xWiWrX0Rrt/xXW5Zsl7vS2Y+yu8PL8KFWRzZhaVxfKA==}
    engines: {node: '>= 10'}
    cpu: [x64]
    os: [linux]
    requiresBuild: true
    dev: false
    optional: true

  /@node-rs/argon2-linux-x64-musl@1.7.2:
    resolution: {integrity: sha512-yXJudpBZQ98g+lWaHn9EzZ5KsAyqRdlpub/K+5NP7gHehb8wzBRIFAejIHAG0fvzQEEc86VOnV2koWIVZxWAvw==}
    engines: {node: '>= 10'}
    cpu: [x64]
    os: [linux]
    requiresBuild: true
    dev: false
    optional: true

  /@node-rs/argon2-wasm32-wasi@1.7.0:
    resolution: {integrity: sha512-Evmk9VcxqnuwQftfAfYEr6YZYSPLzmKUsbFIMep5nTt9PT4XYRFAERj7wNYp+rOcBenF3X4xoB+LhwcOMTNE5w==}
    engines: {node: '>=14.0.0'}
    cpu: [wasm32]
    requiresBuild: true
    dependencies:
      '@emnapi/core': 0.45.0
      '@emnapi/runtime': 0.45.0
      '@tybys/wasm-util': 0.8.1
      memfs-browser: 3.5.10302
    dev: false
    optional: true

  /@node-rs/argon2-wasm32-wasi@1.7.2:
    resolution: {integrity: sha512-diXlVjJZY2GIV8ZDwUqXPhacXsFR0klGSv5D9f+XidwWXK4udtzDhkM/7N/Mb7h1HAWaxZ6IN9spYFjvWH1wqg==}
    engines: {node: '>=14.0.0'}
    cpu: [wasm32]
    requiresBuild: true
    dependencies:
      '@napi-rs/wasm-runtime': 0.1.2
    dev: false
    optional: true

  /@node-rs/argon2-win32-arm64-msvc@1.7.0:
    resolution: {integrity: sha512-qgsU7T004COWWpSA0tppDqDxbPLgg8FaU09krIJ7FBl71Sz8SFO40h7fDIjfbTT5w7u6mcaINMQ5bSHu75PCaA==}
    engines: {node: '>= 10'}
    cpu: [arm64]
    os: [win32]
    requiresBuild: true
    dev: false
    optional: true

  /@node-rs/argon2-win32-arm64-msvc@1.7.2:
    resolution: {integrity: sha512-dhIBrY04P9nbmwzBpgERQDmmSu4YBZyeEE32t4TikMz5rQ07iaVC+JpGmtCBZoDIsLDHGC8cikENd3YEqpqIcA==}
    engines: {node: '>= 10'}
    cpu: [arm64]
    os: [win32]
    requiresBuild: true
    dev: false
    optional: true

  /@node-rs/argon2-win32-ia32-msvc@1.7.0:
    resolution: {integrity: sha512-JGafwWYQ/HpZ3XSwP4adQ6W41pRvhcdXvpzIWtKvX+17+xEXAe2nmGWM6s27pVkg1iV2ZtoYLRDkOUoGqZkCcg==}
    engines: {node: '>= 10'}
    cpu: [ia32]
    os: [win32]
    requiresBuild: true
    dev: false
    optional: true

  /@node-rs/argon2-win32-ia32-msvc@1.7.2:
    resolution: {integrity: sha512-o1tfqr8gyALCzuxBoQfvhxkeYMaw/0H8Gmt7klTYyEIBvEFu7SD5qytXO9Px7t5420nZL/Wy5cflg3IB1s57Pg==}
    engines: {node: '>= 10'}
    cpu: [ia32]
    os: [win32]
    requiresBuild: true
    dev: false
    optional: true

  /@node-rs/argon2-win32-x64-msvc@1.7.0:
    resolution: {integrity: sha512-9oq4ShyFakw8AG3mRls0AoCpxBFcimYx7+jvXeAf2OqKNO+mSA6eZ9z7KQeVCi0+SOEUYxMGf5UiGiDb9R6+9Q==}
    engines: {node: '>= 10'}
    cpu: [x64]
    os: [win32]
    requiresBuild: true
    dev: false
    optional: true

  /@node-rs/argon2-win32-x64-msvc@1.7.2:
    resolution: {integrity: sha512-v0h53XUc7hNgWiWi0qcMcHvj9/kwuItI9NwLK4C+gtzT3UB0cedhfIL8HFMKThMXasy41ZdbpCF2Bi0kJoLNEg==}
    engines: {node: '>= 10'}
    cpu: [x64]
    os: [win32]
    requiresBuild: true
    dev: false
    optional: true

  /@node-rs/argon2@1.7.0:
    resolution: {integrity: sha512-zfULc+/tmcWcxn+nHkbyY8vP3+MpEqKORbszt4UkpqZgBgDAAIYvuDN/zukfTgdmo6tmJKKVfzigZOPk4LlIog==}
    engines: {node: '>= 10'}
    optionalDependencies:
      '@node-rs/argon2-android-arm-eabi': 1.7.0
      '@node-rs/argon2-android-arm64': 1.7.0
      '@node-rs/argon2-darwin-arm64': 1.7.0
      '@node-rs/argon2-darwin-x64': 1.7.0
      '@node-rs/argon2-freebsd-x64': 1.7.0
      '@node-rs/argon2-linux-arm-gnueabihf': 1.7.0
      '@node-rs/argon2-linux-arm64-gnu': 1.7.0
      '@node-rs/argon2-linux-arm64-musl': 1.7.0
      '@node-rs/argon2-linux-x64-gnu': 1.7.0
      '@node-rs/argon2-linux-x64-musl': 1.7.0
      '@node-rs/argon2-wasm32-wasi': 1.7.0
      '@node-rs/argon2-win32-arm64-msvc': 1.7.0
      '@node-rs/argon2-win32-ia32-msvc': 1.7.0
      '@node-rs/argon2-win32-x64-msvc': 1.7.0
    dev: false

  /@node-rs/argon2@1.7.2:
    resolution: {integrity: sha512-+H6pc3M1vIX9YnG59YW7prHhhpv19P8YyxlXHnnFzTimf2q+kKDF7mGWbhvN9STqIY+P70Patn0Q6qb6Ib5/4g==}
    engines: {node: '>= 10'}
    optionalDependencies:
      '@node-rs/argon2-android-arm-eabi': 1.7.2
      '@node-rs/argon2-android-arm64': 1.7.2
      '@node-rs/argon2-darwin-arm64': 1.7.2
      '@node-rs/argon2-darwin-x64': 1.7.2
      '@node-rs/argon2-freebsd-x64': 1.7.2
      '@node-rs/argon2-linux-arm-gnueabihf': 1.7.2
      '@node-rs/argon2-linux-arm64-gnu': 1.7.2
      '@node-rs/argon2-linux-arm64-musl': 1.7.2
      '@node-rs/argon2-linux-x64-gnu': 1.7.2
      '@node-rs/argon2-linux-x64-musl': 1.7.2
      '@node-rs/argon2-wasm32-wasi': 1.7.2
      '@node-rs/argon2-win32-arm64-msvc': 1.7.2
      '@node-rs/argon2-win32-ia32-msvc': 1.7.2
      '@node-rs/argon2-win32-x64-msvc': 1.7.2
    dev: false

  /@node-rs/bcrypt-android-arm-eabi@1.9.0:
    resolution: {integrity: sha512-nOCFISGtnodGHNiLrG0WYLWr81qQzZKYfmwHc7muUeq+KY0sQXyHOwZk9OuNQAWv/lnntmtbwkwT0QNEmOyLvA==}
    engines: {node: '>= 10'}
    cpu: [arm]
    os: [android]
    requiresBuild: true
    dev: false
    optional: true

  /@node-rs/bcrypt-android-arm-eabi@1.9.2:
    resolution: {integrity: sha512-er/Q2khwpan9pczvTTqY/DJE4UU65u31xd0NkZlHUTKyB7djRhWfzoGexGx2GN+k831/RR3U8kKE/8QUHeO3hQ==}
    engines: {node: '>= 10'}
    cpu: [arm]
    os: [android]
    requiresBuild: true
    dev: false
    optional: true

  /@node-rs/bcrypt-android-arm64@1.9.0:
    resolution: {integrity: sha512-+ZrIAtigVmjYkqZQTThHVlz0+TG6D+GDHWhVKvR2DifjtqJ0i+mb9gjo++hN+fWEQdWNGxKCiBBjwgT4EcXd6A==}
    engines: {node: '>= 10'}
    cpu: [arm64]
    os: [android]
    requiresBuild: true
    dev: false
    optional: true

  /@node-rs/bcrypt-android-arm64@1.9.2:
    resolution: {integrity: sha512-OUYatOEG5vbLbF73q2TC8UqrDO81zUQxnaFD/OAB1hcm6J+ur0zJ8E53c35/DIqkTp7JarPMraC4rouJ2ugN4w==}
    engines: {node: '>= 10'}
    cpu: [arm64]
    os: [android]
    requiresBuild: true
    dev: false
    optional: true

  /@node-rs/bcrypt-darwin-arm64@1.9.0:
    resolution: {integrity: sha512-CQiS+F9Pa0XozvkXR1g7uXE9QvBOPOplDg0iCCPRYTN9PqA5qYxhwe48G3o+v2UeQceNRrbnEtWuANm7JRqIhw==}
    engines: {node: '>= 10'}
    cpu: [arm64]
    os: [darwin]
    requiresBuild: true
    dev: false
    optional: true

  /@node-rs/bcrypt-darwin-arm64@1.9.2:
    resolution: {integrity: sha512-svJKsGbzMAxOB5oluOYneN4YkKUy26WSMgm3KOIhgoX30IeMilj+2jFN/5qrI0oDZ0Iczb3XyL5DuZFtEkdP8A==}
    engines: {node: '>= 10'}
    cpu: [arm64]
    os: [darwin]
    requiresBuild: true
    dev: false
    optional: true

  /@node-rs/bcrypt-darwin-x64@1.9.0:
    resolution: {integrity: sha512-4pTKGawYd7sNEjdJ7R/R67uwQH1VvwPZ0SSUMmeNHbxD5QlwAPXdDH11q22uzVXsvNFZ6nGQBg8No5OUGpx6Ug==}
    engines: {node: '>= 10'}
    cpu: [x64]
    os: [darwin]
    requiresBuild: true
    dev: false
    optional: true

  /@node-rs/bcrypt-darwin-x64@1.9.2:
    resolution: {integrity: sha512-9OrySjBi/rWix8NZWD/TrNbNcwMY0pAiMHdL09aJnJ07uPih83GGh1pq4UHCYFCMy7iTX8swOmDlGBUImkOZbg==}
    engines: {node: '>= 10'}
    cpu: [x64]
    os: [darwin]
    requiresBuild: true
    dev: false
    optional: true

  /@node-rs/bcrypt-freebsd-x64@1.9.0:
    resolution: {integrity: sha512-UmWzySX4BJhT/B8xmTru6iFif3h0Rpx3TqxRLCcbgmH43r7k5/9QuhpiyzpvKGpKHJCFNm4F3rC2wghvw5FCIg==}
    engines: {node: '>= 10'}
    cpu: [x64]
    os: [freebsd]
    requiresBuild: true
    dev: false
    optional: true

  /@node-rs/bcrypt-freebsd-x64@1.9.2:
    resolution: {integrity: sha512-/djXV71RO6g5L1mI2pVvmp3x3pH7G4uKI3ODG1JBIXoz334oOcCMh40sB0uq0ljP8WEadker01p4T1rJE98fpg==}
    engines: {node: '>= 10'}
    cpu: [x64]
    os: [freebsd]
    requiresBuild: true
    dev: false
    optional: true

  /@node-rs/bcrypt-linux-arm-gnueabihf@1.9.0:
    resolution: {integrity: sha512-8qoX4PgBND2cVwsbajoAWo3NwdfJPEXgpCsZQZURz42oMjbGyhhSYbovBCskGU3EBLoC8RA2B1jFWooeYVn5BA==}
    engines: {node: '>= 10'}
    cpu: [arm]
    os: [linux]
    requiresBuild: true
    dev: false
    optional: true

  /@node-rs/bcrypt-linux-arm-gnueabihf@1.9.2:
    resolution: {integrity: sha512-F7wP950OTAooxEleUN4I2hqryGZK7hi1cSgRF13Wvbc597RFux35KiSxIXUA3mNt2DE7lV2PeceEtCOScaThWQ==}
    engines: {node: '>= 10'}
    cpu: [arm]
    os: [linux]
    requiresBuild: true
    dev: false
    optional: true

  /@node-rs/bcrypt-linux-arm64-gnu@1.9.0:
    resolution: {integrity: sha512-TuAC6kx0SbcIA4mSEWPi+OCcDjTQUMl213v5gMNlttF+D4ieIZx6pPDGTaMO6M2PDHTeCG0CBzZl0Lu+9b0c7Q==}
    engines: {node: '>= 10'}
    cpu: [arm64]
    os: [linux]
    requiresBuild: true
    dev: false
    optional: true

  /@node-rs/bcrypt-linux-arm64-gnu@1.9.2:
    resolution: {integrity: sha512-MehG+yQ0TgKMgKR1rO4hdvHkVsTM91Cof8qI9EJlS5+7+QSwfFA5O0zGwCkISD7bsyauJ5uJgcByGjpEobAHOg==}
    engines: {node: '>= 10'}
    cpu: [arm64]
    os: [linux]
    requiresBuild: true
    dev: false
    optional: true

  /@node-rs/bcrypt-linux-arm64-musl@1.9.0:
    resolution: {integrity: sha512-/sIvKDABOI8QOEnLD7hIj02BVaNOuCIWBKvxcJOt8+TuwJ6zmY1UI5kSv9d99WbiHjTp97wtAUbZQwauU4b9ew==}
    engines: {node: '>= 10'}
    cpu: [arm64]
    os: [linux]
    requiresBuild: true
    dev: false
    optional: true

  /@node-rs/bcrypt-linux-arm64-musl@1.9.2:
    resolution: {integrity: sha512-PRZTAJjOwKEGsIhmBvfNh81So+wGl4QyCFAt23j+KwBujLStjC0N3YaqtTlWVKG9tcriPtmMYiAQtXWIyIgg/w==}
    engines: {node: '>= 10'}
    cpu: [arm64]
    os: [linux]
    requiresBuild: true
    dev: false
    optional: true

  /@node-rs/bcrypt-linux-x64-gnu@1.9.0:
    resolution: {integrity: sha512-DyyhDHDsLBsCKz1tZ1hLvUZSc1DK0FU0v52jK6IBQxrj24WscSU9zZe7ie/V9kdmA4Ep57BfpWX8Dsa2JxGdgQ==}
    engines: {node: '>= 10'}
    cpu: [x64]
    os: [linux]
    requiresBuild: true
    dev: false
    optional: true

  /@node-rs/bcrypt-linux-x64-gnu@1.9.2:
    resolution: {integrity: sha512-5WfGO+O1m7nJ55WZ8XDq+ItA98Z4O7sNWsR+1nIj9YGT+Tx5zkQ2RBhpK6oCWZMluuZ0eKQ0FDmyP6K+2NDRIA==}
    engines: {node: '>= 10'}
    cpu: [x64]
    os: [linux]
    requiresBuild: true
    dev: false
    optional: true

  /@node-rs/bcrypt-linux-x64-musl@1.9.0:
    resolution: {integrity: sha512-duIiuqQ+Lew8ASSAYm6ZRqcmfBGWwsi81XLUwz86a2HR7Qv6V4yc3ZAUQovAikhjCsIqe8C11JlAZSK6+PlXYg==}
    engines: {node: '>= 10'}
    cpu: [x64]
    os: [linux]
    requiresBuild: true
    dev: false
    optional: true

  /@node-rs/bcrypt-linux-x64-musl@1.9.2:
    resolution: {integrity: sha512-VjCn0388p6PMCVUYHgYmHZrKNc7WwNJRr2WLJsHbQRGDOKbpNL6YolCjQxUchcSPDhzwrq1cIdy4j0fpoXEsdw==}
    engines: {node: '>= 10'}
    cpu: [x64]
    os: [linux]
    requiresBuild: true
    dev: false
    optional: true

  /@node-rs/bcrypt-wasm32-wasi@1.9.0:
    resolution: {integrity: sha512-ylaGmn9Wjwv/D5lxtawttx3H6Uu2WTTR7lWlRHGT6Ga/MB1Vj4OjSGUW8G8zIVnKuXpGbZ92pgHlt4HUpSLctw==}
    engines: {node: '>=14.0.0'}
    cpu: [wasm32]
    requiresBuild: true
    dependencies:
      '@emnapi/core': 0.45.0
      '@emnapi/runtime': 0.45.0
      '@tybys/wasm-util': 0.8.1
      memfs-browser: 3.5.10302
    dev: false
    optional: true

  /@node-rs/bcrypt-wasm32-wasi@1.9.2:
    resolution: {integrity: sha512-P06aHfMzm9makwU+nM7WA65yQnS1xuqJ8l/6I/LvXjnl+lfB3DtJ2B0CSLtjnUGpUgcHbWl5gEbNnTPxSAirjQ==}
    engines: {node: '>=14.0.0'}
    cpu: [wasm32]
    requiresBuild: true
    dependencies:
      '@napi-rs/wasm-runtime': 0.1.2
    dev: false
    optional: true

  /@node-rs/bcrypt-win32-arm64-msvc@1.9.0:
    resolution: {integrity: sha512-2h86gF7QFyEzODuDFml/Dp1MSJoZjxJ4yyT2Erf4NkwsiA5MqowUhUsorRwZhX6+2CtlGa7orbwi13AKMsYndw==}
    engines: {node: '>= 10'}
    cpu: [arm64]
    os: [win32]
    requiresBuild: true
    dev: false
    optional: true

  /@node-rs/bcrypt-win32-arm64-msvc@1.9.2:
    resolution: {integrity: sha512-Iyo/Q5/eNw27VRd3mLBgh1b9b5fnT3QHTVwxv3Siv/MRAIfJXH/cTOe18qSwYQzNh0ZioW4yemFPYCWSZi7szA==}
    engines: {node: '>= 10'}
    cpu: [arm64]
    os: [win32]
    requiresBuild: true
    dev: false
    optional: true

  /@node-rs/bcrypt-win32-ia32-msvc@1.9.0:
    resolution: {integrity: sha512-kqxalCvhs4FkN0+gWWfa4Bdy2NQAkfiqq/CEf6mNXC13RSV673Ev9V8sRlQyNpCHCNkeXfOT9pgoBdJmMs9muA==}
    engines: {node: '>= 10'}
    cpu: [ia32]
    os: [win32]
    requiresBuild: true
    dev: false
    optional: true

  /@node-rs/bcrypt-win32-ia32-msvc@1.9.2:
    resolution: {integrity: sha512-6LHWMaPylyyHoS5863YpxAACVB8DWCxro5W6pQ4h8WKSgHpJp8Um9jphTdN0A2w45HZjUnfcFuiFFC+TbftjCw==}
    engines: {node: '>= 10'}
    cpu: [ia32]
    os: [win32]
    requiresBuild: true
    dev: false
    optional: true

  /@node-rs/bcrypt-win32-x64-msvc@1.9.0:
    resolution: {integrity: sha512-2y0Tuo6ZAT2Cz8V7DHulSlv1Bip3zbzeXyeur+uR25IRNYXKvI/P99Zl85Fbuu/zzYAZRLLlGTRe6/9IHofe/w==}
    engines: {node: '>= 10'}
    cpu: [x64]
    os: [win32]
    requiresBuild: true
    dev: false
    optional: true

  /@node-rs/bcrypt-win32-x64-msvc@1.9.2:
    resolution: {integrity: sha512-vZ9T1MOaYkLO9FTyl28YX0SYJneiYTKNFgM8PUv8nas8xrD+7OzokA0fEtlNp6413T7IKSD/iG9qi8nTWsiyGg==}
    engines: {node: '>= 10'}
    cpu: [x64]
    os: [win32]
    requiresBuild: true
    dev: false
    optional: true

  /@node-rs/bcrypt@1.9.0:
    resolution: {integrity: sha512-u2OlIxW264bFUfvbFqDz9HZKFjwe8FHFtn7T/U8mYjPZ7DWYpbUB+/dkW/QgYfMSfR0ejkyuWaBBe0coW7/7ig==}
    engines: {node: '>= 10'}
    optionalDependencies:
      '@node-rs/bcrypt-android-arm-eabi': 1.9.0
      '@node-rs/bcrypt-android-arm64': 1.9.0
      '@node-rs/bcrypt-darwin-arm64': 1.9.0
      '@node-rs/bcrypt-darwin-x64': 1.9.0
      '@node-rs/bcrypt-freebsd-x64': 1.9.0
      '@node-rs/bcrypt-linux-arm-gnueabihf': 1.9.0
      '@node-rs/bcrypt-linux-arm64-gnu': 1.9.0
      '@node-rs/bcrypt-linux-arm64-musl': 1.9.0
      '@node-rs/bcrypt-linux-x64-gnu': 1.9.0
      '@node-rs/bcrypt-linux-x64-musl': 1.9.0
      '@node-rs/bcrypt-wasm32-wasi': 1.9.0
      '@node-rs/bcrypt-win32-arm64-msvc': 1.9.0
      '@node-rs/bcrypt-win32-ia32-msvc': 1.9.0
      '@node-rs/bcrypt-win32-x64-msvc': 1.9.0
    dev: false

  /@node-rs/bcrypt@1.9.2:
    resolution: {integrity: sha512-FKUo9iCSIti+ldwoOlY1ztyIFhZxEgT7jZ/UCt/9bg1rLmNdbQQD2JKIMImDCqmTWuLPY4ZF4Q5MyOMIfDCd8Q==}
    engines: {node: '>= 10'}
    optionalDependencies:
      '@node-rs/bcrypt-android-arm-eabi': 1.9.2
      '@node-rs/bcrypt-android-arm64': 1.9.2
      '@node-rs/bcrypt-darwin-arm64': 1.9.2
      '@node-rs/bcrypt-darwin-x64': 1.9.2
      '@node-rs/bcrypt-freebsd-x64': 1.9.2
      '@node-rs/bcrypt-linux-arm-gnueabihf': 1.9.2
      '@node-rs/bcrypt-linux-arm64-gnu': 1.9.2
      '@node-rs/bcrypt-linux-arm64-musl': 1.9.2
      '@node-rs/bcrypt-linux-x64-gnu': 1.9.2
      '@node-rs/bcrypt-linux-x64-musl': 1.9.2
      '@node-rs/bcrypt-wasm32-wasi': 1.9.2
      '@node-rs/bcrypt-win32-arm64-msvc': 1.9.2
      '@node-rs/bcrypt-win32-ia32-msvc': 1.9.2
      '@node-rs/bcrypt-win32-x64-msvc': 1.9.2
    dev: false

  /@sinclair/typebox@0.32.18:
    resolution: {integrity: sha512-ioMK5TA5YOloYf/GcnF+1fT4eTvowJes2j7Pm0Ivlm9xq61keqQw/XtbQQnPG8O4uq2y2DDenU8OqNc93xn11Q==}
    dev: false

  /@t3-oss/env-core@0.9.2(zod@3.22.4):
    resolution: {integrity: sha512-KgWXljUTHgO3o7GMZQPAD5+P+HqpauMNNHowlm7V2b9IeMitSUpNKwG6xQrup/xARWHTdxRVIl0mSI4wCevQhQ==}
    peerDependencies:
      typescript: '>=5.0.0'
      zod: ^3.0.0
    peerDependenciesMeta:
      typescript:
        optional: true
    dependencies:
      zod: 3.22.4
    dev: false

  /@tybys/wasm-util@0.8.1:
    resolution: {integrity: sha512-GSsTwyBl4pIzsxAY5wroZdyQKyhXk0d8PCRZtrSZ2WEB1cBdrp2EgGBwHOGCZtIIPun/DL3+AykCv+J6fyRH4Q==}
    requiresBuild: true
    dependencies:
      tslib: 2.6.2
    dev: false
    optional: true

  /@types/node@20.11.30:
    resolution: {integrity: sha512-dHM6ZxwlmuZaRmUPfv1p+KrdD1Dci04FbdEm/9wEMouFqxYoFl5aMkt0VMAUtYRQDyYvD41WJLukhq/ha3YuTw==}
    dependencies:
      undici-types: 5.26.5
    dev: true

  /@types/ws@8.5.10:
    resolution: {integrity: sha512-vmQSUcfalpIq0R9q7uTo2lXs6eGIpt9wtnLdMv9LVpIjCA/+ufZRozlVoVelIYixx1ugCBKDhn89vnsEGOCx9A==}
    dependencies:
      '@types/node': 20.11.30
    dev: true

  /bun-types@1.0.33:
    resolution: {integrity: sha512-L5tBIf9g6rBBkvshqysi5NoLQ9NnhSPU1pfJ9FzqoSfofYdyac3WLUnOIuQ+M5za/sooVUOP2ko+E6Tco0OLIA==}
    dependencies:
      '@types/node': 20.11.30
      '@types/ws': 8.5.10
    dev: true

  /cookie@0.6.0:
    resolution: {integrity: sha512-U71cyTamuh1CRNCfpGY6to28lxvNwPG4Guz/EVjgf3Jmzv0vlDp1atT9eS5dDjMYHucpHbWns6Lwf3BKz6svdw==}
    engines: {node: '>= 0.6'}
    dev: false

  /cross-spawn@7.0.3:
    resolution: {integrity: sha512-iRDPJKUPVEND7dHPO8rkbOnPpyDygcDFtWjpeWNCgy8WP2rXcxXL8TskReQl6OrB2G7+UJrags1q15Fudc7G6w==}
    engines: {node: '>= 8'}
    dependencies:
      path-key: 3.1.1
      shebang-command: 2.0.0
      which: 2.0.2
    dev: true

  /dotenv-cli@7.4.1:
    resolution: {integrity: sha512-fE1aywjRrWGxV3miaiUr3d2zC/VAiuzEGghi+QzgIA9fEf/M5hLMaRSXb4IxbUAwGmaLi0IozdZddnVU96acag==}
    hasBin: true
    dependencies:
      cross-spawn: 7.0.3
      dotenv: 16.4.5
      dotenv-expand: 10.0.0
      minimist: 1.2.8
    dev: true

  /dotenv-expand@10.0.0:
    resolution: {integrity: sha512-GopVGCpVS1UKH75VKHGuQFqS1Gusej0z4FyQkPdwjil2gNIv+LNsqBlboOzpJFZKVT95GkCyWJbBSdFEFUWI2A==}
    engines: {node: '>=12'}
    dev: true

  /dotenv@16.4.5:
    resolution: {integrity: sha512-ZmdL2rui+eB2YwhsWzjInR8LldtZHGDoQ1ugH85ppHKwpUHL7j7rN0Ti9NCnGiQbhaZ11FpR+7ao1dNsmduNUg==}
    engines: {node: '>=12'}
    dev: true

  /elysia@1.0.7(@sinclair/typebox@0.32.18):
    resolution: {integrity: sha512-651FhmZrpFA41bqIvKXp2AUikGkoFZIYESPr1hIWhWkyXEvrKh9+1G7TuSj4UIv1G7LXE3RevW97IXP+NUh0cQ==}
    peerDependencies:
      '@sinclair/typebox': '>= 0.31.0'
      openapi-types: '>= 12.0.0'
      typescript: '>= 5.0.0'
    peerDependenciesMeta:
      openapi-types:
        optional: true
      typescript:
        optional: true
    dependencies:
      '@sinclair/typebox': 0.32.18
      cookie: 0.6.0
      eventemitter3: 5.0.1
      fast-decode-uri-component: 1.0.1
      fast-querystring: 1.1.2
    dev: false

  /esbuild@0.19.12:
    resolution: {integrity: sha512-aARqgq8roFBj054KvQr5f1sFu0D65G+miZRCuJyJ0G13Zwx7vRar5Zhn2tkQNzIXcBrNVsv/8stehpj+GAjgbg==}
    engines: {node: '>=12'}
    hasBin: true
    requiresBuild: true
    optionalDependencies:
      '@esbuild/aix-ppc64': 0.19.12
      '@esbuild/android-arm': 0.19.12
      '@esbuild/android-arm64': 0.19.12
      '@esbuild/android-x64': 0.19.12
      '@esbuild/darwin-arm64': 0.19.12
      '@esbuild/darwin-x64': 0.19.12
      '@esbuild/freebsd-arm64': 0.19.12
      '@esbuild/freebsd-x64': 0.19.12
      '@esbuild/linux-arm': 0.19.12
      '@esbuild/linux-arm64': 0.19.12
      '@esbuild/linux-ia32': 0.19.12
      '@esbuild/linux-loong64': 0.19.12
      '@esbuild/linux-mips64el': 0.19.12
      '@esbuild/linux-ppc64': 0.19.12
      '@esbuild/linux-riscv64': 0.19.12
      '@esbuild/linux-s390x': 0.19.12
      '@esbuild/linux-x64': 0.19.12
      '@esbuild/netbsd-x64': 0.19.12
      '@esbuild/openbsd-x64': 0.19.12
      '@esbuild/sunos-x64': 0.19.12
      '@esbuild/win32-arm64': 0.19.12
      '@esbuild/win32-ia32': 0.19.12
      '@esbuild/win32-x64': 0.19.12
    dev: true

  /eventemitter3@5.0.1:
    resolution: {integrity: sha512-GWkBvjiSZK87ELrYOSESUYeVIc9mvLLf/nXalMOS5dYrgZq9o5OVkbZAVM06CVxYsCwH9BDZFPlQTlPA1j4ahA==}
    dev: false

  /fast-decode-uri-component@1.0.1:
    resolution: {integrity: sha512-WKgKWg5eUxvRZGwW8FvfbaH7AXSh2cL+3j5fMGzUMCxWBJ3dV3a7Wz8y2f/uQ0e3B6WmodD3oS54jTQ9HVTIIg==}
    dev: false

  /fast-querystring@1.1.2:
    resolution: {integrity: sha512-g6KuKWmFXc0fID8WWH0jit4g0AGBoJhCkJMb1RmbsSEUNvQ+ZC8D6CUZ+GtF8nMzSPXnhiePyyqqipzNNEnHjg==}
    dependencies:
      fast-decode-uri-component: 1.0.1
    dev: false

  /fs-monkey@1.0.5:
    resolution: {integrity: sha512-8uMbBjrhzW76TYgEV27Y5E//W2f/lTFmx78P2w19FZSxarhI/798APGQyuGCwmkNxgwGRhrLfvWyLBvNtuOmew==}
    requiresBuild: true
    dev: false
    optional: true

  /fsevents@2.3.3:
    resolution: {integrity: sha512-5xoDfX+fL7faATnagmWPpbFtwh/R77WmMMqqHGS65C3vvB0YHrgF+B1YmZ3441tMj5n63k0212XNoJwzlhffQw==}
    engines: {node: ^8.16.0 || ^10.6.0 || >=11.0.0}
    os: [darwin]
    requiresBuild: true
    dev: true
    optional: true

  /get-tsconfig@4.7.3:
    resolution: {integrity: sha512-ZvkrzoUA0PQZM6fy6+/Hce561s+faD1rsNwhnO5FelNjyy7EMGJ3Rz1AQ8GYDWjhRs/7dBLOEJvhK8MiEJOAFg==}
    dependencies:
      resolve-pkg-maps: 1.0.0
    dev: true

  /isexe@2.0.0:
    resolution: {integrity: sha512-RHxMLp9lnKHGHRng9QFhRCMbYAcVpn69smSGcq3f36xjgVVWThj4qqLbTLlq7Ssj8B+fIQ1EuCEGI2lKsyQeIw==}
    dev: true

  /lodash.clonedeep@4.5.0:
    resolution: {integrity: sha512-H5ZhCF25riFd9uB5UCkVKo61m3S/xZk1x4wA6yp/L3RFP6Z/eHH1ymQcGLo7J3GMPfm0V/7m1tryHuGVxpqEBQ==}
    dev: false

  /lucia@3.1.1:
    resolution: {integrity: sha512-Ygvgnqq7Ha7lYVaZATPwkPD2s2Qlsm71Z2o0byx/abNBfFldCRow5sNii6RqMsuMpK957RAI3Gw4/aWoagkc7A==}
    dependencies:
      oslo: 1.0.1
    dev: false

  /memfs-browser@3.5.10302:
    resolution: {integrity: sha512-JJTc/nh3ig05O0gBBGZjTCPOyydaTxNF0uHYBrcc1gHNnO+KIHIvo0Y1FKCJsaei6FCl8C6xfQomXqu+cuzkIw==}
    requiresBuild: true
    dependencies:
      memfs: 3.5.3
    dev: false
    optional: true

  /memfs@3.5.3:
    resolution: {integrity: sha512-UERzLsxzllchadvbPs5aolHh65ISpKpM+ccLbOJ8/vvpBKmAWf+la7dXFy7Mr0ySHbdHrFv5kGFCUHHe6GFEmw==}
    engines: {node: '>= 4.0.0'}
    requiresBuild: true
    dependencies:
      fs-monkey: 1.0.5
    dev: false
    optional: true

  /minimist@1.2.8:
    resolution: {integrity: sha512-2yyAR8qBkN3YuheJanUpWC5U3bb5osDywNB8RzDVlDwDHbocAJveqqj1u8+SVD7jkWT4yvsHCpWqqWqAxb0zCA==}
    dev: true

  /openapi-types@12.1.3:
    resolution: {integrity: sha512-N4YtSYJqghVu4iek2ZUvcN/0aqH1kRDuNqzcycDxhOUpg7GdvLa2F3DgS6yBNhInhv2r/6I0Flkn7CqL8+nIcw==}
    dev: false

  /oslo@1.0.1:
    resolution: {integrity: sha512-esfzZry+HfGgK/GCYkg7BRlLd3RH5aHa08wgLJPYjENXybi0BvXxGk0LbUj+lXfz2TkjPDHe4rB/o6JxRLHxBg==}
    dependencies:
      '@node-rs/argon2': 1.7.2
      '@node-rs/bcrypt': 1.9.2
    dev: false

  /oslo@1.1.3:
    resolution: {integrity: sha512-hCz528UlNTiegplcyBg6AvG0HLNrnq06EJMp88Ze308GX1hszkb8u3puhNC4aqLMbYQ0hXpl+wQGnwxMtt5+5w==}
    dependencies:
      '@node-rs/argon2': 1.7.0
      '@node-rs/bcrypt': 1.9.0
    dev: false

  /path-key@3.1.1:
    resolution: {integrity: sha512-ojmeN0qd+y0jszEtoY48r0Peq5dwMEkIlCOu6Q5f41lfkswXuKtYrhgoTpLnyIcHm24Uhqx+5Tqm2InSwLhE6Q==}
    engines: {node: '>=8'}
    dev: true

  /resolve-pkg-maps@1.0.0:
    resolution: {integrity: sha512-seS2Tj26TBVOC2NIc2rOe2y2ZO7efxITtLZcGSOnHHNOQ7CkiUBfw0Iw2ck6xkIhPwLhKNLS8BO+hEpngQlqzw==}
    dev: true

  /shebang-command@2.0.0:
    resolution: {integrity: sha512-kHxr2zZpYtdmrN1qDjrrX/Z1rR1kG8Dx+gkpK1G4eXmvXswmcE1hTWBWYUzlraYw1/yZp6YuDY77YtvbN0dmDA==}
    engines: {node: '>=8'}
    dependencies:
      shebang-regex: 3.0.0
    dev: true

  /shebang-regex@3.0.0:
    resolution: {integrity: sha512-7++dFhtcx3353uBaq8DDR4NuxBetBzC7ZQOhmTQInHEd6bSrXdiEyzCvG07Z44UYdLShWUyXt5M/yhz8ekcb1A==}
    engines: {node: '>=8'}
    dev: true

  /tslib@2.6.2:
    resolution: {integrity: sha512-AEYxH93jGFPn/a2iVAwW87VuUIkR1FVUKB77NwMF7nBTDkDrrT/Hpt/IrCJ0QXhW27jTBDcf5ZY7w6RiqTMw2Q==}
    requiresBuild: true
    dev: false
    optional: true

  /tsx@4.7.1:
    resolution: {integrity: sha512-8d6VuibXHtlN5E3zFkgY8u4DX7Y3Z27zvvPKVmLon/D4AjuKzarkUBTLDBgj9iTQ0hg5xM7c/mYiRVM+HETf0g==}
    engines: {node: '>=18.0.0'}
    hasBin: true
    dependencies:
      esbuild: 0.19.12
      get-tsconfig: 4.7.3
    optionalDependencies:
      fsevents: 2.3.3
    dev: true

  /undici-types@5.26.5:
    resolution: {integrity: sha512-JlCMO+ehdEIKqlFxk6IfVoAUVmgz7cU7zD/h9XZ0qzeosSHmUJVOzSQvvYSYWXkFXC+IfLKSIffhv0sVZup6pA==}
    dev: true

  /which@2.0.2:
    resolution: {integrity: sha512-BLI3Tl1TW3Pvl70l3yq3Y64i+awpwXqsGBYWkkqMtnbXgrMD+yj7rhW0kuEDxzJaYXGjEW5ogapKNMEKNMjibA==}
    engines: {node: '>= 8'}
    hasBin: true
    dependencies:
      isexe: 2.0.0
    dev: true

  /zod@3.22.4:
    resolution: {integrity: sha512-iC+8Io04lddc+mVqQ9AZ7OQ2MrUKGN+oIQyq1vemgt46jwCwLfhq7/pwnBnNXXXZb8VTVLKwp9EDkx+ryxIWmg==}
    dev: false
